
Microsoft Visual Studio Solution File, Format Version 12.00
Project("{FAE04EC0-301F-11D3-BF4B-00C04F79EFBC}") = "Sharp", "Sharp\Sharp.csproj", "{47E5513E-BB56-4DAC-A5BD-826A59A6B76C}"
EndProject
Global
	GlobalSection(SolutionConfigurationPlatforms) = preSolution
		Debug|Any CPU = Debug|Any CPU
		Release|Any CPU = Release|Any CPU
	EndGlobalSection
	GlobalSection(ProjectConfigurationPlatforms) = postSolution
		{47E5513E-BB56-4DAC-A5BD-826A59A6B76C}.Debug|Any CPU.ActiveCfg = Debug|Any CPU
		{47E5513E-BB56-4DAC-A5BD-826A59A6B76C}.Debug|Any CPU.Build.0 = Debug|Any CPU
		{47E5513E-BB56-4DAC-A5BD-826A59A6B76C}.Release|Any CPU.ActiveCfg = Release|Any CPU
		{47E5513E-BB56-4DAC-A5BD-826A59A6B76C}.Release|Any CPU.Build.0 = Release|Any CPU
	EndGlobalSection
EndGlobal
